dependencies:
  espressif/esp-dsp:
    component_hash: ed9ac175b14e0414399a2b33c525579414b5bad19a2a67b12ea212def96f9a98
    dependencies:
    - name: idf
      require: private
      version: '>=4.2'
    source:
      registry_url: https://components.espressif.com/
      type: service
    version: 1.8.2
  espressif/esp-nn:
    component_hash: ae8501c099ab2ae1527a23c6170e0c0cb3d914df3293710e033809c79b20f22f
    dependencies:
    - name: idf
      require: private
      version: '>=4.2'
    source:
      registry_url: https://components.espressif.com
      type: service
    version: 1.2.4
  espressif/esp-tflite-micro:
    component_hash: 22fc501ab0b1bd39377048d608e6fce0e7b55cd07d244cbf41044b24d9b7db2e
    dependencies:
    - name: espressif/esp-nn
      registry_url: https://components.espressif.com
      require: private
      version: '>=1.1.1'
    - name: idf
      require: private
      version: '>=5.0'
    source:
      registry_url: https://components.espressif.com/
      type: service
    version: 1.3.7
  idf:
    source:
      type: idf
    version: 5.5.1
direct_dependencies:
- espressif/esp-dsp
- espressif/esp-tflite-micro
- idf
manifest_hash: e6440de72ad7abac03fb5096a2d2f18f1ca1bd027a7016606db4174bba453a4d
target: esp32s3
version: 2.0.0
